
Microsoft Visual Studio Solution File, Format Version 12.00
# Visual Studio Version 17
VisualStudioVersion = 17.6.33723.286
MinimumVisualStudioVersion = 10.0.40219.1
Project("{9A19103F-16F7-4668-BE54-9A1E7A4F7556}") = "mortal-plus", "mortal-plus\mortal-plus.csproj", "{CD87F66E-159D-462B-83D1-4FB9420B7880}"
EndProject
Global
	GlobalSection(SolutionConfigurationPlatforms) = preSolution
		Debug|Any CPU = Debug|Any CPU
		Release|Any CPU = Release|Any CPU
	EndGlobalSection
	GlobalSection(ProjectConfigurationPlatforms) = postSolution
		{CD87F66E-159D-462B-83D1-4FB9420B7880}.Debug|Any CPU.ActiveCfg = Debug|Any CPU
		{CD87F66E-159D-462B-83D1-4FB9420B7880}.Debug|Any CPU.Build.0 = Debug|Any CPU
		{CD87F66E-159D-462B-83D1-4FB9420B7880}.Release|Any CPU.ActiveCfg = Release|Any CPU
		{CD87F66E-159D-462B-83D1-4FB9420B7880}.Release|Any CPU.Build.0 = Release|Any CPU
	EndGlobalSection
	GlobalSection(SolutionProperties) = preSolution
		HideSolutionNode = FALSE
	EndGlobalSection
	GlobalSection(ExtensibilityGlobals) = postSolution
		SolutionGuid = {32AC05AE-24F9-4763-9E74-D8B574AFDF84}
	EndGlobalSection
EndGlobal
